
Microsoft Visual Studio Solution File, Format Version 12.00
# Visual Studio Version 17
VisualStudioVersion = 17.2.32630.192
MinimumVisualStudioVersion = 10.0.40219.1
Project("{9A19103F-16F7-4668-BE54-9A1E7A4F7556}") = "R5T.L0060.Construction", "R5T.L0060.Construction\R5T.L0060.Construction.csproj", "{B27C9313-FA58-4D85-BF6A-CBF00E84E9BA}"
EndProject
Project("{9A19103F-16F7-4668-BE54-9A1E7A4F7556}") = "R5T.L0060", "R5T.L0060\R5T.L0060.csproj", "{529A92C7-3BB9-4591-BE17-00502ED02178}"
EndProject
Project("{2150E333-8FDC-42A3-9474-1A3956D46DE8}") = "_Dependencies", "_Dependencies", "{6AB2DB1A-57AA-4001-B9B3-27EBFC33A54D}"
EndProject
Project("{9A19103F-16F7-4668-BE54-9A1E7A4F7556}") = "R5T.L0053", "..\..\R5T.L0053\source\R5T.L0053\R5T.L0053.csproj", "{A64689A1-8902-4B76-9DC3-CA4CECDB7467}"
EndProject
Project("{9A19103F-16F7-4668-BE54-9A1E7A4F7556}") = "R5T.L0054", "..\..\R5T.L0054\source\R5T.L0054\R5T.L0054.csproj", "{9FCC25E7-17DE-40BE-965D-2CEF1FC2B4FB}"
EndProject
Project("{9A19103F-16F7-4668-BE54-9A1E7A4F7556}") = "R5T.L0056", "..\..\R5T.L0056\source\R5T.L0056\R5T.L0056.csproj", "{6BC412EC-37F1-4596-93D3-1FBA2525D1C3}"
EndProject
Project("{9A19103F-16F7-4668-BE54-9A1E7A4F7556}") = "R5T.T0131", "..\..\R5T.T0131\source\R5T.T0131\R5T.T0131.csproj", "{481AA9A0-24DD-4CE5-B24C-53414656213A}"
EndProject
Project("{9A19103F-16F7-4668-BE54-9A1E7A4F7556}") = "R5T.T0132", "..\..\R5T.T0132\source\R5T.T0132\R5T.T0132.csproj", "{3B77FEDB-0306-4294-A92E-4FF034240BB8}"
EndProject
Project("{9A19103F-16F7-4668-BE54-9A1E7A4F7556}") = "R5T.T0143", "..\..\R5T.T0143\source\R5T.T0143\R5T.T0143.csproj", "{78C4CCE8-2EC1-418F-B3AD-0527555B1408}"
EndProject
Project("{9A19103F-16F7-4668-BE54-9A1E7A4F7556}") = "R5T.T0156", "..\..\R5T.T0156\source\R5T.T0156\R5T.T0156.csproj", "{B2B231CD-911E-478D-B462-480D4F6FABA7}"
EndProject
Project("{9A19103F-16F7-4668-BE54-9A1E7A4F7556}") = "R5T.T0178", "..\..\R5T.T0178\source\R5T.T0178\R5T.T0178.csproj", "{814482D8-A688-4100-8376-6EE40613024B}"
EndProject
Project("{9A19103F-16F7-4668-BE54-9A1E7A4F7556}") = "R5T.T0179", "..\..\R5T.T0179\source\R5T.T0179\R5T.T0179.csproj", "{140CE822-B4FA-497D-8EA8-A18D137A11AF}"
EndProject
Project("{9A19103F-16F7-4668-BE54-9A1E7A4F7556}") = "R5T.T0180", "..\..\R5T.T0180\source\R5T.T0180\R5T.T0180.csproj", "{AE143191-709D-4EE2-9C29-4FCCC083F5B5}"
EndProject
Project("{9A19103F-16F7-4668-BE54-9A1E7A4F7556}") = "R5T.T0199", "..\..\R5T.T0199\source\R5T.T0199\R5T.T0199.csproj", "{37FC4303-F11E-4975-8D6E-4598E5010DEE}"
EndProject
Project("{9A19103F-16F7-4668-BE54-9A1E7A4F7556}") = "R5T.Y0000", "..\..\R5T.Y0000\source\R5T.Y0000\R5T.Y0000.csproj", "{A36B5731-04FC-4E97-A954-6E611EB23298}"
EndProject
Project("{9A19103F-16F7-4668-BE54-9A1E7A4F7556}") = "R5T.Z0000", "..\..\R5T.Z0000\source\R5T.Z0000\R5T.Z0000.csproj", "{D6748018-2459-4A84-9866-18703864FFFD}"
EndProject
Project("{9A19103F-16F7-4668-BE54-9A1E7A4F7556}") = "R5T.Z0010.Platform", "..\..\R5T.Z0010\source\R5T.Z0010.Platform\R5T.Z0010.Platform.csproj", "{54F7EA6E-8922-4C4C-9FA5-0264B1C3C991}"
EndProject
Project("{9A19103F-16F7-4668-BE54-9A1E7A4F7556}") = "R5T.Z0010", "..\..\R5T.Z0010\source\R5T.Z0010\R5T.Z0010.csproj", "{44BAA7B6-66E2-4E2B-A8E4-95D7E97960AE}"
EndProject
Global
	GlobalSection(NestedProjects) = preSolution
		{A64689A1-8902-4B76-9DC3-CA4CECDB7467} = {6AB2DB1A-57AA-4001-B9B3-27EBFC33A54D}
		{9FCC25E7-17DE-40BE-965D-2CEF1FC2B4FB} = {6AB2DB1A-57AA-4001-B9B3-27EBFC33A54D}
		{6BC412EC-37F1-4596-93D3-1FBA2525D1C3} = {6AB2DB1A-57AA-4001-B9B3-27EBFC33A54D}
		{481AA9A0-24DD-4CE5-B24C-53414656213A} = {6AB2DB1A-57AA-4001-B9B3-27EBFC33A54D}
		{3B77FEDB-0306-4294-A92E-4FF034240BB8} = {6AB2DB1A-57AA-4001-B9B3-27EBFC33A54D}
		{78C4CCE8-2EC1-418F-B3AD-0527555B1408} = {6AB2DB1A-57AA-4001-B9B3-27EBFC33A54D}
		{B2B231CD-911E-478D-B462-480D4F6FABA7} = {6AB2DB1A-57AA-4001-B9B3-27EBFC33A54D}
		{814482D8-A688-4100-8376-6EE40613024B} = {6AB2DB1A-57AA-4001-B9B3-27EBFC33A54D}
		{140CE822-B4FA-497D-8EA8-A18D137A11AF} = {6AB2DB1A-57AA-4001-B9B3-27EBFC33A54D}
		{AE143191-709D-4EE2-9C29-4FCCC083F5B5} = {6AB2DB1A-57AA-4001-B9B3-27EBFC33A54D}
		{37FC4303-F11E-4975-8D6E-4598E5010DEE} = {6AB2DB1A-57AA-4001-B9B3-27EBFC33A54D}
		{A36B5731-04FC-4E97-A954-6E611EB23298} = {6AB2DB1A-57AA-4001-B9B3-27EBFC33A54D}
		{D6748018-2459-4A84-9866-18703864FFFD} = {6AB2DB1A-57AA-4001-B9B3-27EBFC33A54D}
		{54F7EA6E-8922-4C4C-9FA5-0264B1C3C991} = {6AB2DB1A-57AA-4001-B9B3-27EBFC33A54D}
		{44BAA7B6-66E2-4E2B-A8E4-95D7E97960AE} = {6AB2DB1A-57AA-4001-B9B3-27EBFC33A54D}
	EndGlobalSection
	GlobalSection(SolutionConfigurationPlatforms) = preSolution
		Debug|Any CPU = Debug|Any CPU
		Release|Any CPU = Release|Any CPU
	EndGlobalSection
	GlobalSection(ProjectConfigurationPlatforms) = postSolution
		{B27C9313-FA58-4D85-BF6A-CBF00E84E9BA}.Debug|Any CPU.ActiveCfg = Debug|Any CPU
		{B27C9313-FA58-4D85-BF6A-CBF00E84E9BA}.Debug|Any CPU.Build.0 = Debug|Any CPU
		{B27C9313-FA58-4D85-BF6A-CBF00E84E9BA}.Release|Any CPU.ActiveCfg = Release|Any CPU
		{B27C9313-FA58-4D85-BF6A-CBF00E84E9BA}.Release|Any CPU.Build.0 = Release|Any CPU
		{529A92C7-3BB9-4591-BE17-00502ED02178}.Debug|Any CPU.ActiveCfg = Debug|Any CPU
		{529A92C7-3BB9-4591-BE17-00502ED02178}.Debug|Any CPU.Build.0 = Debug|Any CPU
		{529A92C7-3BB9-4591-BE17-00502ED02178}.Release|Any CPU.ActiveCfg = Release|Any CPU
		{529A92C7-3BB9-4591-BE17-00502ED02178}.Release|Any CPU.Build.0 = Release|Any CPU
		{A64689A1-8902-4B76-9DC3-CA4CECDB7467}.Debug|Any CPU.ActiveCfg = Debug|Any CPU
		{A64689A1-8902-4B76-9DC3-CA4CECDB7467}.Debug|Any CPU.Build.0 = Debug|Any CPU
		{A64689A1-8902-4B76-9DC3-CA4CECDB7467}.Release|Any CPU.ActiveCfg = Release|Any CPU
		{A64689A1-8902-4B76-9DC3-CA4CECDB7467}.Release|Any CPU.Build.0 = Release|Any CPU
		{9FCC25E7-17DE-40BE-965D-2CEF1FC2B4FB}.Debug|Any CPU.ActiveCfg = Debug|Any CPU
		{9FCC25E7-17DE-40BE-965D-2CEF1FC2B4FB}.Debug|Any CPU.Build.0 = Debug|Any CPU
		{9FCC25E7-17DE-40BE-965D-2CEF1FC2B4FB}.Release|Any CPU.ActiveCfg = Release|Any CPU
		{9FCC25E7-17DE-40BE-965D-2CEF1FC2B4FB}.Release|Any CPU.Build.0 = Release|Any CPU
		{6BC412EC-37F1-4596-93D3-1FBA2525D1C3}.Debug|Any CPU.ActiveCfg = Debug|Any CPU
		{6BC412EC-37F1-4596-93D3-1FBA2525D1C3}.Debug|Any CPU.Build.0 = Debug|Any CPU
		{6BC412EC-37F1-4596-93D3-1FBA2525D1C3}.Release|Any CPU.ActiveCfg = Release|Any CPU
		{6BC412EC-37F1-4596-93D3-1FBA2525D1C3}.Release|Any CPU.Build.0 = Release|Any CPU
		{481AA9A0-24DD-4CE5-B24C-53414656213A}.Debug|Any CPU.ActiveCfg = Debug|Any CPU
		{481AA9A0-24DD-4CE5-B24C-53414656213A}.Debug|Any CPU.Build.0 = Debug|Any CPU
		{481AA9A0-24DD-4CE5-B24C-53414656213A}.Release|Any CPU.ActiveCfg = Release|Any CPU
		{481AA9A0-24DD-4CE5-B24C-53414656213A}.Release|Any CPU.Build.0 = Release|Any CPU
		{3B77FEDB-0306-4294-A92E-4FF034240BB8}.Debug|Any CPU.ActiveCfg = Debug|Any CPU
		{3B77FEDB-0306-4294-A92E-4FF034240BB8}.Debug|Any CPU.Build.0 = Debug|Any CPU
		{3B77FEDB-0306-4294-A92E-4FF034240BB8}.Release|Any CPU.ActiveCfg = Release|Any CPU
		{3B77FEDB-0306-4294-A92E-4FF034240BB8}.Release|Any CPU.Build.0 = Release|Any CPU
		{78C4CCE8-2EC1-418F-B3AD-0527555B1408}.Debug|Any CPU.ActiveCfg = Debug|Any CPU
		{78C4CCE8-2EC1-418F-B3AD-0527555B1408}.Debug|Any CPU.Build.0 = Debug|Any CPU
		{78C4CCE8-2EC1-418F-B3AD-0527555B1408}.Release|Any CPU.ActiveCfg = Release|Any CPU
		{78C4CCE8-2EC1-418F-B3AD-0527555B1408}.Release|Any CPU.Build.0 = Release|Any CPU
		{B2B231CD-911E-478D-B462-480D4F6FABA7}.Debug|Any CPU.ActiveCfg = Debug|Any CPU
		{B2B231CD-911E-478D-B462-480D4F6FABA7}.Debug|Any CPU.Build.0 = Debug|Any CPU
		{B2B231CD-911E-478D-B462-480D4F6FABA7}.Release|Any CPU.ActiveCfg = Release|Any CPU
		{B2B231CD-911E-478D-B462-480D4F6FABA7}.Release|Any CPU.Build.0 = Release|Any CPU
		{814482D8-A688-4100-8376-6EE40613024B}.Debug|Any CPU.ActiveCfg = Debug|Any CPU
		{814482D8-A688-4100-8376-6EE40613024B}.Debug|Any CPU.Build.0 = Debug|Any CPU
		{814482D8-A688-4100-8376-6EE40613024B}.Release|Any CPU.ActiveCfg = Release|Any CPU
		{814482D8-A688-4100-8376-6EE40613024B}.Release|Any CPU.Build.0 = Release|Any CPU
		{140CE822-B4FA-497D-8EA8-A18D137A11AF}.Debug|Any CPU.ActiveCfg = Debug|Any CPU
		{140CE822-B4FA-497D-8EA8-A18D137A11AF}.Debug|Any CPU.Build.0 = Debug|Any CPU
		{140CE822-B4FA-497D-8EA8-A18D137A11AF}.Release|Any CPU.ActiveCfg = Release|Any CPU
		{140CE822-B4FA-497D-8EA8-A18D137A11AF}.Release|Any CPU.Build.0 = Release|Any CPU
		{AE143191-709D-4EE2-9C29-4FCCC083F5B5}.Debug|Any CPU.ActiveCfg = Debug|Any CPU
		{AE143191-709D-4EE2-9C29-4FCCC083F5B5}.Debug|Any CPU.Build.0 = Debug|Any CPU
		{AE143191-709D-4EE2-9C29-4FCCC083F5B5}.Release|Any CPU.ActiveCfg = Release|Any CPU
		{AE143191-709D-4EE2-9C29-4FCCC083F5B5}.Release|Any CPU.Build.0 = Release|Any CPU
		{37FC4303-F11E-4975-8D6E-4598E5010DEE}.Debug|Any CPU.ActiveCfg = Debug|Any CPU
		{37FC4303-F11E-4975-8D6E-4598E5010DEE}.Debug|Any CPU.Build.0 = Debug|Any CPU
		{37FC4303-F11E-4975-8D6E-4598E5010DEE}.Release|Any CPU.ActiveCfg = Release|Any CPU
		{37FC4303-F11E-4975-8D6E-4598E5010DEE}.Release|Any CPU.Build.0 = Release|Any CPU
		{A36B5731-04FC-4E97-A954-6E611EB23298}.Debug|Any CPU.ActiveCfg = Debug|Any CPU
		{A36B5731-04FC-4E97-A954-6E611EB23298}.Debug|Any CPU.Build.0 = Debug|Any CPU
		{A36B5731-04FC-4E97-A954-6E611EB23298}.Release|Any CPU.ActiveCfg = Release|Any CPU
		{A36B5731-04FC-4E97-A954-6E611EB23298}.Release|Any CPU.Build.0 = Release|Any CPU
		{D6748018-2459-4A84-9866-18703864FFFD}.Debug|Any CPU.ActiveCfg = Debug|Any CPU
		{D6748018-2459-4A84-9866-18703864FFFD}.Debug|Any CPU.Build.0 = Debug|Any CPU
		{D6748018-2459-4A84-9866-18703864FFFD}.Release|Any CPU.ActiveCfg = Release|Any CPU
		{D6748018-2459-4A84-9866-18703864FFFD}.Release|Any CPU.Build.0 = Release|Any CPU
		{54F7EA6E-8922-4C4C-9FA5-0264B1C3C991}.Debug|Any CPU.ActiveCfg = Debug|Any CPU
		{54F7EA6E-8922-4C4C-9FA5-0264B1C3C991}.Debug|Any CPU.Build.0 = Debug|Any CPU
		{54F7EA6E-8922-4C4C-9FA5-0264B1C3C991}.Release|Any CPU.ActiveCfg = Release|Any CPU
		{54F7EA6E-8922-4C4C-9FA5-0264B1C3C991}.Release|Any CPU.Build.0 = Release|Any CPU
		{44BAA7B6-66E2-4E2B-A8E4-95D7E97960AE}.Debug|Any CPU.ActiveCfg = Debug|Any CPU
		{44BAA7B6-66E2-4E2B-A8E4-95D7E97960AE}.Debug|Any CPU.Build.0 = Debug|Any CPU
		{44BAA7B6-66E2-4E2B-A8E4-95D7E97960AE}.Release|Any CPU.ActiveCfg = Release|Any CPU
		{44BAA7B6-66E2-4E2B-A8E4-95D7E97960AE}.Release|Any CPU.Build.0 = Release|Any CPU
	EndGlobalSection
	GlobalSection(SolutionProperties) = preSolution
		HideSolutionNode = FALSE
	EndGlobalSection
	GlobalSection(ExtensibilityGlobals) = postSolution
		SolutionGuid = {24E48D29-6219-42AE-8123-2185B6818655}
	EndGlobalSection
EndGlobal
