
Microsoft Visual Studio Solution File, Format Version 12.00
# Visual Studio Version 17
VisualStudioVersion = 17.2.32630.192
MinimumVisualStudioVersion = 10.0.40219.1
Project("{9A19103F-16F7-4668-BE54-9A1E7A4F7556}") = "R5T.L0060", "R5T.L0060\R5T.L0060.csproj", "{40BCD1DC-61E5-4815-A842-7F79932485B4}"
EndProject
Project("{2150E333-8FDC-42A3-9474-1A3956D46DE8}") = "_Dependencies", "_Dependencies", "{58BEC83C-C447-4556-8C94-B3CF2E785841}"
EndProject
Project("{9A19103F-16F7-4668-BE54-9A1E7A4F7556}") = "R5T.L0053", "..\..\R5T.L0053\source\R5T.L0053\R5T.L0053.csproj", "{126F0F99-128C-4EE0-B5A0-373E53BC6D44}"
EndProject
Project("{9A19103F-16F7-4668-BE54-9A1E7A4F7556}") = "R5T.L0054", "..\..\R5T.L0054\source\R5T.L0054\R5T.L0054.csproj", "{BF421273-4D70-412C-93EA-B03D1830F885}"
EndProject
Project("{9A19103F-16F7-4668-BE54-9A1E7A4F7556}") = "R5T.L0056", "..\..\R5T.L0056\source\R5T.L0056\R5T.L0056.csproj", "{1A6DB87B-BE01-4AE3-919D-12991752A159}"
EndProject
Project("{9A19103F-16F7-4668-BE54-9A1E7A4F7556}") = "R5T.T0131", "..\..\R5T.T0131\source\R5T.T0131\R5T.T0131.csproj", "{2421D5D0-211D-40EB-BB4F-340A1CEC333B}"
EndProject
Project("{9A19103F-16F7-4668-BE54-9A1E7A4F7556}") = "R5T.T0132", "..\..\R5T.T0132\source\R5T.T0132\R5T.T0132.csproj", "{D5571DBD-1537-479F-840C-AD04DEE360CC}"
EndProject
Project("{9A19103F-16F7-4668-BE54-9A1E7A4F7556}") = "R5T.T0143", "..\..\R5T.T0143\source\R5T.T0143\R5T.T0143.csproj", "{3DC14CA6-BF79-4185-8A73-A940A9D8FE5D}"
EndProject
Project("{9A19103F-16F7-4668-BE54-9A1E7A4F7556}") = "R5T.T0156", "..\..\R5T.T0156\source\R5T.T0156\R5T.T0156.csproj", "{682D9F3B-68AB-4118-AFCC-3262B67AD296}"
EndProject
Project("{9A19103F-16F7-4668-BE54-9A1E7A4F7556}") = "R5T.T0178", "..\..\R5T.T0178\source\R5T.T0178\R5T.T0178.csproj", "{67FD2362-7F78-45F6-9AF9-60DDD92B1A13}"
EndProject
Project("{9A19103F-16F7-4668-BE54-9A1E7A4F7556}") = "R5T.T0179", "..\..\R5T.T0179\source\R5T.T0179\R5T.T0179.csproj", "{401FF6C2-67BA-46DF-B555-9339BB58E0B7}"
EndProject
Project("{9A19103F-16F7-4668-BE54-9A1E7A4F7556}") = "R5T.T0180", "..\..\R5T.T0180\source\R5T.T0180\R5T.T0180.csproj", "{9F4A27BD-67C5-4DBA-9C2A-4CB164DF10FB}"
EndProject
Project("{9A19103F-16F7-4668-BE54-9A1E7A4F7556}") = "R5T.T0199", "..\..\R5T.T0199\source\R5T.T0199\R5T.T0199.csproj", "{CACC7B1D-7D59-4B51-BCF8-964DB866646E}"
EndProject
Project("{9A19103F-16F7-4668-BE54-9A1E7A4F7556}") = "R5T.Y0000", "..\..\R5T.Y0000\source\R5T.Y0000\R5T.Y0000.csproj", "{ABBE2CEF-299F-4FF1-B4D8-6232F4DD4DD8}"
EndProject
Project("{9A19103F-16F7-4668-BE54-9A1E7A4F7556}") = "R5T.Z0000", "..\..\R5T.Z0000\source\R5T.Z0000\R5T.Z0000.csproj", "{B95BFBE0-6E37-4F74-8C2D-EDC9633B041F}"
EndProject
Project("{9A19103F-16F7-4668-BE54-9A1E7A4F7556}") = "R5T.Z0010.Platform", "..\..\R5T.Z0010\source\R5T.Z0010.Platform\R5T.Z0010.Platform.csproj", "{697E5A47-F6DD-4F6E-ACE2-CCC6C9832DC4}"
EndProject
Project("{9A19103F-16F7-4668-BE54-9A1E7A4F7556}") = "R5T.Z0010", "..\..\R5T.Z0010\source\R5T.Z0010\R5T.Z0010.csproj", "{49F311EB-C9F6-4647-BB62-5EA61141B205}"
EndProject
Global
	GlobalSection(NestedProjects) = preSolution
		{126F0F99-128C-4EE0-B5A0-373E53BC6D44} = {58BEC83C-C447-4556-8C94-B3CF2E785841}
		{BF421273-4D70-412C-93EA-B03D1830F885} = {58BEC83C-C447-4556-8C94-B3CF2E785841}
		{1A6DB87B-BE01-4AE3-919D-12991752A159} = {58BEC83C-C447-4556-8C94-B3CF2E785841}
		{2421D5D0-211D-40EB-BB4F-340A1CEC333B} = {58BEC83C-C447-4556-8C94-B3CF2E785841}
		{D5571DBD-1537-479F-840C-AD04DEE360CC} = {58BEC83C-C447-4556-8C94-B3CF2E785841}
		{3DC14CA6-BF79-4185-8A73-A940A9D8FE5D} = {58BEC83C-C447-4556-8C94-B3CF2E785841}
		{682D9F3B-68AB-4118-AFCC-3262B67AD296} = {58BEC83C-C447-4556-8C94-B3CF2E785841}
		{67FD2362-7F78-45F6-9AF9-60DDD92B1A13} = {58BEC83C-C447-4556-8C94-B3CF2E785841}
		{401FF6C2-67BA-46DF-B555-9339BB58E0B7} = {58BEC83C-C447-4556-8C94-B3CF2E785841}
		{9F4A27BD-67C5-4DBA-9C2A-4CB164DF10FB} = {58BEC83C-C447-4556-8C94-B3CF2E785841}
		{CACC7B1D-7D59-4B51-BCF8-964DB866646E} = {58BEC83C-C447-4556-8C94-B3CF2E785841}
		{ABBE2CEF-299F-4FF1-B4D8-6232F4DD4DD8} = {58BEC83C-C447-4556-8C94-B3CF2E785841}
		{B95BFBE0-6E37-4F74-8C2D-EDC9633B041F} = {58BEC83C-C447-4556-8C94-B3CF2E785841}
		{697E5A47-F6DD-4F6E-ACE2-CCC6C9832DC4} = {58BEC83C-C447-4556-8C94-B3CF2E785841}
		{49F311EB-C9F6-4647-BB62-5EA61141B205} = {58BEC83C-C447-4556-8C94-B3CF2E785841}
	EndGlobalSection
	GlobalSection(SolutionConfigurationPlatforms) = preSolution
		Debug|Any CPU = Debug|Any CPU
		Release|Any CPU = Release|Any CPU
	EndGlobalSection
	GlobalSection(ProjectConfigurationPlatforms) = postSolution
		{40BCD1DC-61E5-4815-A842-7F79932485B4}.Debug|Any CPU.ActiveCfg = Debug|Any CPU
		{40BCD1DC-61E5-4815-A842-7F79932485B4}.Debug|Any CPU.Build.0 = Debug|Any CPU
		{40BCD1DC-61E5-4815-A842-7F79932485B4}.Release|Any CPU.ActiveCfg = Release|Any CPU
		{40BCD1DC-61E5-4815-A842-7F79932485B4}.Release|Any CPU.Build.0 = Release|Any CPU
		{126F0F99-128C-4EE0-B5A0-373E53BC6D44}.Debug|Any CPU.ActiveCfg = Debug|Any CPU
		{126F0F99-128C-4EE0-B5A0-373E53BC6D44}.Debug|Any CPU.Build.0 = Debug|Any CPU
		{126F0F99-128C-4EE0-B5A0-373E53BC6D44}.Release|Any CPU.ActiveCfg = Release|Any CPU
		{126F0F99-128C-4EE0-B5A0-373E53BC6D44}.Release|Any CPU.Build.0 = Release|Any CPU
		{BF421273-4D70-412C-93EA-B03D1830F885}.Debug|Any CPU.ActiveCfg = Debug|Any CPU
		{BF421273-4D70-412C-93EA-B03D1830F885}.Debug|Any CPU.Build.0 = Debug|Any CPU
		{BF421273-4D70-412C-93EA-B03D1830F885}.Release|Any CPU.ActiveCfg = Release|Any CPU
		{BF421273-4D70-412C-93EA-B03D1830F885}.Release|Any CPU.Build.0 = Release|Any CPU
		{1A6DB87B-BE01-4AE3-919D-12991752A159}.Debug|Any CPU.ActiveCfg = Debug|Any CPU
		{1A6DB87B-BE01-4AE3-919D-12991752A159}.Debug|Any CPU.Build.0 = Debug|Any CPU
		{1A6DB87B-BE01-4AE3-919D-12991752A159}.Release|Any CPU.ActiveCfg = Release|Any CPU
		{1A6DB87B-BE01-4AE3-919D-12991752A159}.Release|Any CPU.Build.0 = Release|Any CPU
		{2421D5D0-211D-40EB-BB4F-340A1CEC333B}.Debug|Any CPU.ActiveCfg = Debug|Any CPU
		{2421D5D0-211D-40EB-BB4F-340A1CEC333B}.Debug|Any CPU.Build.0 = Debug|Any CPU
		{2421D5D0-211D-40EB-BB4F-340A1CEC333B}.Release|Any CPU.ActiveCfg = Release|Any CPU
		{2421D5D0-211D-40EB-BB4F-340A1CEC333B}.Release|Any CPU.Build.0 = Release|Any CPU
		{D5571DBD-1537-479F-840C-AD04DEE360CC}.Debug|Any CPU.ActiveCfg = Debug|Any CPU
		{D5571DBD-1537-479F-840C-AD04DEE360CC}.Debug|Any CPU.Build.0 = Debug|Any CPU
		{D5571DBD-1537-479F-840C-AD04DEE360CC}.Release|Any CPU.ActiveCfg = Release|Any CPU
		{D5571DBD-1537-479F-840C-AD04DEE360CC}.Release|Any CPU.Build.0 = Release|Any CPU
		{3DC14CA6-BF79-4185-8A73-A940A9D8FE5D}.Debug|Any CPU.ActiveCfg = Debug|Any CPU
		{3DC14CA6-BF79-4185-8A73-A940A9D8FE5D}.Debug|Any CPU.Build.0 = Debug|Any CPU
		{3DC14CA6-BF79-4185-8A73-A940A9D8FE5D}.Release|Any CPU.ActiveCfg = Release|Any CPU
		{3DC14CA6-BF79-4185-8A73-A940A9D8FE5D}.Release|Any CPU.Build.0 = Release|Any CPU
		{682D9F3B-68AB-4118-AFCC-3262B67AD296}.Debug|Any CPU.ActiveCfg = Debug|Any CPU
		{682D9F3B-68AB-4118-AFCC-3262B67AD296}.Debug|Any CPU.Build.0 = Debug|Any CPU
		{682D9F3B-68AB-4118-AFCC-3262B67AD296}.Release|Any CPU.ActiveCfg = Release|Any CPU
		{682D9F3B-68AB-4118-AFCC-3262B67AD296}.Release|Any CPU.Build.0 = Release|Any CPU
		{67FD2362-7F78-45F6-9AF9-60DDD92B1A13}.Debug|Any CPU.ActiveCfg = Debug|Any CPU
		{67FD2362-7F78-45F6-9AF9-60DDD92B1A13}.Debug|Any CPU.Build.0 = Debug|Any CPU
		{67FD2362-7F78-45F6-9AF9-60DDD92B1A13}.Release|Any CPU.ActiveCfg = Release|Any CPU
		{67FD2362-7F78-45F6-9AF9-60DDD92B1A13}.Release|Any CPU.Build.0 = Release|Any CPU
		{401FF6C2-67BA-46DF-B555-9339BB58E0B7}.Debug|Any CPU.ActiveCfg = Debug|Any CPU
		{401FF6C2-67BA-46DF-B555-9339BB58E0B7}.Debug|Any CPU.Build.0 = Debug|Any CPU
		{401FF6C2-67BA-46DF-B555-9339BB58E0B7}.Release|Any CPU.ActiveCfg = Release|Any CPU
		{401FF6C2-67BA-46DF-B555-9339BB58E0B7}.Release|Any CPU.Build.0 = Release|Any CPU
		{9F4A27BD-67C5-4DBA-9C2A-4CB164DF10FB}.Debug|Any CPU.ActiveCfg = Debug|Any CPU
		{9F4A27BD-67C5-4DBA-9C2A-4CB164DF10FB}.Debug|Any CPU.Build.0 = Debug|Any CPU
		{9F4A27BD-67C5-4DBA-9C2A-4CB164DF10FB}.Release|Any CPU.ActiveCfg = Release|Any CPU
		{9F4A27BD-67C5-4DBA-9C2A-4CB164DF10FB}.Release|Any CPU.Build.0 = Release|Any CPU
		{CACC7B1D-7D59-4B51-BCF8-964DB866646E}.Debug|Any CPU.ActiveCfg = Debug|Any CPU
		{CACC7B1D-7D59-4B51-BCF8-964DB866646E}.Debug|Any CPU.Build.0 = Debug|Any CPU
		{CACC7B1D-7D59-4B51-BCF8-964DB866646E}.Release|Any CPU.ActiveCfg = Release|Any CPU
		{CACC7B1D-7D59-4B51-BCF8-964DB866646E}.Release|Any CPU.Build.0 = Release|Any CPU
		{ABBE2CEF-299F-4FF1-B4D8-6232F4DD4DD8}.Debug|Any CPU.ActiveCfg = Debug|Any CPU
		{ABBE2CEF-299F-4FF1-B4D8-6232F4DD4DD8}.Debug|Any CPU.Build.0 = Debug|Any CPU
		{ABBE2CEF-299F-4FF1-B4D8-6232F4DD4DD8}.Release|Any CPU.ActiveCfg = Release|Any CPU
		{ABBE2CEF-299F-4FF1-B4D8-6232F4DD4DD8}.Release|Any CPU.Build.0 = Release|Any CPU
		{B95BFBE0-6E37-4F74-8C2D-EDC9633B041F}.Debug|Any CPU.ActiveCfg = Debug|Any CPU
		{B95BFBE0-6E37-4F74-8C2D-EDC9633B041F}.Debug|Any CPU.Build.0 = Debug|Any CPU
		{B95BFBE0-6E37-4F74-8C2D-EDC9633B041F}.Release|Any CPU.ActiveCfg = Release|Any CPU
		{B95BFBE0-6E37-4F74-8C2D-EDC9633B041F}.Release|Any CPU.Build.0 = Release|Any CPU
		{697E5A47-F6DD-4F6E-ACE2-CCC6C9832DC4}.Debug|Any CPU.ActiveCfg = Debug|Any CPU
		{697E5A47-F6DD-4F6E-ACE2-CCC6C9832DC4}.Debug|Any CPU.Build.0 = Debug|Any CPU
		{697E5A47-F6DD-4F6E-ACE2-CCC6C9832DC4}.Release|Any CPU.ActiveCfg = Release|Any CPU
		{697E5A47-F6DD-4F6E-ACE2-CCC6C9832DC4}.Release|Any CPU.Build.0 = Release|Any CPU
		{49F311EB-C9F6-4647-BB62-5EA61141B205}.Debug|Any CPU.ActiveCfg = Debug|Any CPU
		{49F311EB-C9F6-4647-BB62-5EA61141B205}.Debug|Any CPU.Build.0 = Debug|Any CPU
		{49F311EB-C9F6-4647-BB62-5EA61141B205}.Release|Any CPU.ActiveCfg = Release|Any CPU
		{49F311EB-C9F6-4647-BB62-5EA61141B205}.Release|Any CPU.Build.0 = Release|Any CPU
	EndGlobalSection
	GlobalSection(SolutionProperties) = preSolution
		HideSolutionNode = FALSE
	EndGlobalSection
	GlobalSection(ExtensibilityGlobals) = postSolution
		SolutionGuid = {786B8F23-B1AD-456C-92C7-BF282F9B0DB4}
	EndGlobalSection
EndGlobal
